{
  "name": "npm-github-repo-dependencies",
  "version": "1.0.0",
  "lockfileVersion": 1,
  "requires": true,
  "dependencies": {
    "@angular/animations": {
      "version": "7.0.4",
      "resolved": "https://registry.npmjs.org/@angular/animations/-/animations-7.0.4.tgz",
      "integrity": "sha512-QfFikT0FzYNMjdVg0LWTBijdu9JDJyzejnhCFlXxv+KR4zolpRK98/rU7CFW1Fg2jjL3/yL9PT1sf5I0fTJZYA==",
      "requires": {
        "tslib": "^1.9.0"
      }
    },
    "@angular/common": {
      "version": "7.0.4",
      "resolved": "https://registry.npmjs.org/@angular/common/-/common-7.0.4.tgz",
      "integrity": "sha512-akQojdqY/RBlItkDWAPI3k0Llk1wnbAp+f47yySi3cgQz9SaZ1/RLNWZV84I/cKrksb4ehorT/lTqRBojsAD1A==",
      "requires": {
        "tslib": "^1.9.0"
      }
    },
    "@angular/compiler": {
      "version": "7.0.4",
      "resolved": "https://registry.npmjs.org/@angular/compiler/-/compiler-7.0.4.tgz",
      "integrity": "sha512-ExDhH1cJkuJkUsgNRZyZBse0a7wWkQyG5O8HONi3Rzig9dalFEuve9jD04zfA1Jx1GTXhovqtGnF72x4kw0V8Q==",
      "requires": {
        "tslib": "^1.9.0"
      }
    },
    "@angular/core": {
      "version": "7.0.4",
      "resolved": "https://registry.npmjs.org/@angular/core/-/core-7.0.4.tgz",
      "integrity": "sha512-17SSmCz1wQoZKnVHF/T8UkWYPpDm5kPyoc1okkTTv8ZA2EAMMuZFFnRSAxEL5i7mNB9z5CvRqF2tRx/DbgbIRA==",
      "requires": {
        "tslib": "^1.9.0"
      }
    },
    "@angular/forms": {
      "version": "7.0.4",
      "resolved": "https://registry.npmjs.org/@angular/forms/-/forms-7.0.4.tgz",
      "integrity": "sha512-W3nN9n1VY9On9+9f7PDRbzJUg+mMq1bjkhWsk/b7DfaYdmlzpG+Wd6OfArob2edsqGqH1dvTM8q8aGbWiFZ7dA==",
      "requires": {
        "tslib": "^1.9.0"
      }
    },
    "@angular/http": {
      "version": "7.0.4",
      "resolved": "https://registry.npmjs.org/@angular/http/-/http-7.0.4.tgz",
      "integrity": "sha512-oUGT7xS7FZYajuHq0DP6MgahacB5sJTRgxiUU4uhQ/mqV7aREODVJJgw7oHDhM7Cnyzzo0B9D0zpEljKmeCLWQ==",
      "requires": {
        "tslib": "^1.9.0"
      }
    },
    "@angular/platform-browser": {
      "version": "7.0.4",
      "resolved": "https://registry.npmjs.org/@angular/platform-browser/-/platform-browser-7.0.4.tgz",
      "integrity": "sha512-4brYZZgsCJk1/a6JoSwaiVWO9+/T4iyE27dAgstao1nOf/jrBNKW2HnZtkWZmCCBK0WIk15wlB0Xr87OZbjNVA==",
      "requires": {
        "tslib": "^1.9.0"
      }
    },
    "@angular/platform-browser-dynamic": {
      "version": "7.0.4",
      "resolved": "https://registry.npmjs.org/@angular/platform-browser-dynamic/-/platform-browser-dynamic-7.0.4.tgz",
      "integrity": "sha512-k1I53zIg8YWhtQizLfq/tWrUUdY5vHV8pGHyt0/UTGDqat5TORd6LDFfzCSux0r3qZujCOGNi9f4/AbyV8B9lw==",
      "requires": {
        "tslib": "^1.9.0"
      }
    },
    "@angular/router": {
      "version": "7.0.4",
      "resolved": "https://registry.npmjs.org/@angular/router/-/router-7.0.4.tgz",
      "integrity": "sha512-nt1jJsxN+JmYZ6URamMdULUpH4aHdnNVKjWtjDI0OpdZvPx7PMFD8cfc92q0tavy2KqqexcceIb4BIC965gtpA==",
      "requires": {
        "tslib": "^1.9.0"
      }
    },
    "core-js": {
      "version": "2.6.5",
      "resolved": "https://registry.npmjs.org/core-js/-/core-js-2.6.5.tgz",
      "integrity": "sha512-klh/kDpwX8hryYL14M9w/xei6vrv6sE8gTHDG7/T/+SEovB/G4ejwcfE/CBzO6Edsu+OETZMZ3wcX/EjUkrl5A=="
    },
    "ng-form": {
      "version": "github:ptesser/ng-form#e1a67295c22b99fe8a27e82a4a7234e3823a5720",
      "from": "github:ptesser/ng-form#master",
      "requires": {
        "@angular/animations": "~7.0.0",
        "@angular/common": "~7.0.0",
        "@angular/compiler": "~7.0.0",
        "@angular/core": "~7.0.0",
        "@angular/forms": "~7.0.0",
        "@angular/http": "~7.0.0",
        "@angular/platform-browser": "~7.0.0",
        "@angular/platform-browser-dynamic": "~7.0.0",
        "@angular/router": "~7.0.0",
        "core-js": "^2.5.4",
        "rxjs": "~6.3.3",
        "zone.js": "~0.8.26"
      }
    },
    "rxjs": {
      "version": "6.3.3",
      "resolved": "https://registry.npmjs.org/rxjs/-/rxjs-6.3.3.tgz",
      "integrity": "sha512-JTWmoY9tWCs7zvIk/CvRjhjGaOd+OVBM987mxFo+OW66cGpdKjZcpmc74ES1sB//7Kl/PAe8+wEakuhG4pcgOw==",
      "requires": {
        "tslib": "^1.9.0"
      }
    },
    "tslib": {
      "version": "1.9.3",
      "resolved": "https://registry.npmjs.org/tslib/-/tslib-1.9.3.tgz",
      "integrity": "sha512-4krF8scpejhaOgqzBEcGM7yDIEfi0/8+8zDRZhNZZ2kjmHJ4hv3zCbQWxoJGz1iw5U0Jl0nma13xzHXcncMavQ=="
    },
    "zone.js": {
      "version": "0.8.29",
      "resolved": "https://registry.npmjs.org/zone.js/-/zone.js-0.8.29.tgz",
      "integrity": "sha512-mla2acNCMkWXBD+c+yeUrBUrzOxYMNFdQ6FGfigGGtEVBPJx07BQeJekjt9DmH1FtZek4E9rE1eRR9qQpxACOQ=="
    }
  }
}
